<?xml version="1.0" encoding="utf-8"?>
<Project ToolsVersion="4.0" xmlns="http://schemas.microsoft.com/developer/msbuild/2003">
  <ItemGroup>
    <Filter Include="头文件">
      <UniqueIdentifier>{93995380-89BD-4b04-88EB-625FBE52EBFB}</UniqueIdentifier>
      <Extensions>h;hh;hpp;hxx;h++;hm;inl;inc;ipp;xsd</Extensions>
    </Filter>
    <Filter Include="资源文件">
      <UniqueIdentifier>{67DA6AB6-F800-4c08-8B7A-83BB121AAD01}</UniqueIdentifier>
      <Extensions>rc;ico;cur;bmp;dlg;rc2;rct;bin;rgs;gif;jpg;jpeg;jpe;resx;tiff;tif;png;wav;mfcribbon-ms</Extensions>
    </Filter>
    <Filter Include="源文件">
      <UniqueIdentifier>{b7ce3c08-21a9-489f-8ea1-0e1a50d8a581}</UniqueIdentifier>
    </Filter>
  </ItemGroup>
  <ItemGroup>
    <ClInclude Include="include\HShader.h">
      <Filter>头文件</Filter>
    </ClInclude>
    <ClInclude Include="include\HCamera.h">
      <Filter>头文件</Filter>
    </ClInclude>
    <ClInclude Include="include\HModel.h">
      <Filter>头文件</Filter>
    </ClInclude>
    <ClInclude Include="include\HMesh.h">
      <Filter>头文件</Filter>
    </ClInclude>
    <ClInclude Include="include\HEngine.h">
      <Filter>头文件</Filter>
    </ClInclude>
    <ClInclude Include="include\def.h">
      <Filter>头文件</Filter>
    </ClInclude>
    <ClInclude Include="include\HSkybox.h">
      <Filter>头文件</Filter>
    </ClInclude>
    <ClInclude Include="include\utility.h">
      <Filter>头文件</Filter>
    </ClInclude>
    <ClInclude Include="include\HMap.h">
      <Filter>头文件</Filter>
    </ClInclude>
    <ClInclude Include="include\HCollider.h">
      <Filter>头文件</Filter>
    </ClInclude>
    <ClInclude Include="include\HHunter.h">
      <Filter>头文件</Filter>
    </ClInclude>
  </ItemGroup>
  <ItemGroup>
    <None Include="resources\shader\vs\skybox.vert">
      <Filter>资源文件</Filter>
    </None>
    <None Include="resources\shader\fs\model.frag">
      <Filter>资源文件</Filter>
    </None>
    <None Include="resources\shader\fs\skybox.frag">
      <Filter>资源文件</Filter>
    </None>
    <None Include="packages.config" />
    <None Include="resources\shader\vs\model.vert">
      <Filter>资源文件</Filter>
    </None>
    <None Include="resources\shader\vs\map.vert">
      <Filter>资源文件</Filter>
    </None>
    <None Include="resources\shader\fs\map.frag">
      <Filter>资源文件</Filter>
    </None>
  </ItemGroup>
  <ItemGroup>
    <ClCompile Include="src\HEngine.cpp">
      <Filter>源文件</Filter>
    </ClCompile>
    <ClCompile Include="src\HSkybox.cpp">
      <Filter>源文件</Filter>
    </ClCompile>
    <ClCompile Include="src\main.cpp">
      <Filter>源文件</Filter>
    </ClCompile>
    <ClCompile Include="src\utility.cpp">
      <Filter>源文件</Filter>
    </ClCompile>
    <ClCompile Include="src\HAnimation.cpp">
      <Filter>源文件</Filter>
    </ClCompile>
    <ClCompile Include="src\HModel.cpp">
      <Filter>源文件</Filter>
    </ClCompile>
    <ClCompile Include="src\HMap.cpp">
      <Filter>源文件</Filter>
    </ClCompile>
    <ClCompile Include="src\HCollider.cpp">
      <Filter>源文件</Filter>
    </ClCompile>
    <ClCompile Include="src\HHunter.cpp">
      <Filter>源文件</Filter>
    </ClCompile>
  </ItemGroup>
</Project>